
Microsoft Visual Studio Solution File, Format Version 12.00
# Visual Studio Version 17
VisualStudioVersion = 17.3.32819.101
MinimumVisualStudioVersion = 10.0.40219.1
Project("{FAE04EC0-301F-11D3-BF4B-00C04F79EFBC}") = "DLL_Tester", "DLL_Tester\DLL_Tester.csproj", "{40B811E2-FE80-4D5B-B7CC-8CD2758086E9}"
EndProject
Project("{FAE04EC0-301F-11D3-BF4B-00C04F79EFBC}") = "Cantilever", "Cantilever\Cantilever.csproj", "{1D170B4F-F103-4869-B2BF-BCDEB36BC0D0}"
EndProject
Global
	GlobalSection(SolutionConfigurationPlatforms) = preSolution
		Debug|Any CPU = Debug|Any CPU
		Release|Any CPU = Release|Any CPU
	EndGlobalSection
	GlobalSection(ProjectConfigurationPlatforms) = postSolution
		{40B811E2-FE80-4D5B-B7CC-8CD2758086E9}.Debug|Any CPU.ActiveCfg = Debug|Any CPU
		{40B811E2-FE80-4D5B-B7CC-8CD2758086E9}.Debug|Any CPU.Build.0 = Debug|Any CPU
		{40B811E2-FE80-4D5B-B7CC-8CD2758086E9}.Release|Any CPU.ActiveCfg = Release|Any CPU
		{40B811E2-FE80-4D5B-B7CC-8CD2758086E9}.Release|Any CPU.Build.0 = Release|Any CPU
		{1D170B4F-F103-4869-B2BF-BCDEB36BC0D0}.Debug|Any CPU.ActiveCfg = Debug|Any CPU
		{1D170B4F-F103-4869-B2BF-BCDEB36BC0D0}.Debug|Any CPU.Build.0 = Debug|Any CPU
		{1D170B4F-F103-4869-B2BF-BCDEB36BC0D0}.Release|Any CPU.ActiveCfg = Release|Any CPU
		{1D170B4F-F103-4869-B2BF-BCDEB36BC0D0}.Release|Any CPU.Build.0 = Release|Any CPU
	EndGlobalSection
	GlobalSection(SolutionProperties) = preSolution
		HideSolutionNode = FALSE
	EndGlobalSection
	GlobalSection(ExtensibilityGlobals) = postSolution
		SolutionGuid = {05BC7870-44C1-4C27-89DC-2C7D0AEF5944}
	EndGlobalSection
EndGlobal
